<?xml version="1.0" encoding="utf-8"?>
<Project ToolsVersion="4.0" xmlns="http://schemas.microsoft.com/developer/msbuild/2003">
  <ItemGroup>
    <ClCompile Include="Board.cpp" />
    <ClCompile Include="BoardErrors.cpp" />
    <ClCompile Include="Piece.cpp" />
    <ClCompile Include="PieceEQClasses.cpp" />
    <ClCompile Include="PieceRotationContainer.cpp" />
    <ClCompile Include="RotatableSolution.cpp" />
    <ClCompile Include="ex2.cpp" />
  </ItemGroup>
  <ItemGroup>
    <ClInclude Include="Board.h" />
    <ClInclude Include="BoardErrors.h" />
    <ClInclude Include="Piece.h" />
    <ClInclude Include="PieceEQClasses.h" />
    <ClInclude Include="PieceRotationContainer.h" />
    <ClInclude Include="RotatableSolution.h" />
    <ClInclude Include="ex2.h" />
  </ItemGroup>
</Project>